// !$*UTF8*$!
{
	archiveVersion = 1;
	classes = {
	};
	objectVersion = 46;
	objects = {

/* Begin PBXBuildFile section */
		9AD63F5C1D78FEA400B9F5A0 /* main.c in Sources */ = {isa = PBXBuildFile; fileRef = 9AD63F5B1D78FEA400B9F5A0 /* main.c */; };
		9AD63F661D79C3FE00B9F5A0 /* test1.c in Sources */ = {isa = PBXBuildFile; fileRef = 9AD63F641D79C3FE00B9F5A0 /* test1.c */; };
/* End PBXBuildFile section */

/* Begin PBXCopyFilesBuildPhase section */
		9AD63F561D78FEA400B9F5A0 /* CopyFiles */ = {
			isa = PBXCopyFilesBuildPhase;
			buildActionMask = 2147483647;
			dstPath = /usr/share/man/man1/;
			dstSubfolderSpec = 0;
			files = (
			);
			runOnlyForDeploymentPostprocessing = 1;
		};
/* End PBXCopyFilesBuildPhase section */

/* Begin PBXFileReference section */
		9AD63F581D78FEA400B9F5A0 /* CS525-assigns */ = {isa = PBXFileReference; explicitFileType = "compiled.mach-o.executable"; includeInIndex = 0; path = "CS525-assigns"; sourceTree = BUILT_PRODUCTS_DIR; };
		9AD63F5B1D78FEA400B9F5A0 /* main.c */ = {isa = PBXFileReference; lastKnownFileType = sourcecode.c.c; path = main.c; sourceTree = "<group>"; };
		9AD63F641D79C3FE00B9F5A0 /* test1.c */ = {isa = PBXFileReference; fileEncoding = 4; lastKnownFileType = sourcecode.c.c; path = test1.c; sourceTree = "<group>"; };
		9AD63F651D79C3FE00B9F5A0 /* test1.h */ = {isa = PBXFileReference; fileEncoding = 4; lastKnownFileType = sourcecode.c.h; path = test1.h; sourceTree = "<group>"; };
/* End PBXFileReference section */

/* Begin PBXFrameworksBuildPhase section */
		9AD63F551D78FEA400B9F5A0 /* Frameworks */ = {
			isa = PBXFrameworksBuildPhase;
			buildActionMask = 2147483647;
			files = (
			);
			runOnlyForDeploymentPostprocessing = 0;
		};
/* End PBXFrameworksBuildPhase section */

/* Begin PBXGroup section */
		9AD63F4F1D78FEA400B9F5A0 = {
			isa = PBXGroup;
			children = (
				9AD63F5A1D78FEA400B9F5A0 /* CS525-assigns */,
				9AD63F591D78FEA400B9F5A0 /* Products */,
			);
			sourceTree = "<group>";
		};
		9AD63F591D78FEA400B9F5A0 /* Products */ = {
			isa = PBXGroup;
			children = (
				9AD63F581D78FEA400B9F5A0 /* CS525-assigns */,
			);
			name = Products;
			sourceTree = "<group>";
		};
		9AD63F5A1D78FEA400B9F5A0 /* CS525-assigns */ = {
			isa = PBXGroup;
			children = (
				9AD63F5B1D78FEA400B9F5A0 /* main.c */,
				9AD63F641D79C3FE00B9F5A0 /* test1.c */,
				9AD63F651D79C3FE00B9F5A0 /* test1.h */,
			);
			path = "CS525-assigns";
			sourceTree = "<group>";
		};
/* End PBXGroup section */

/* Begin PBXNativeTarget section */
		9AD63F571D78FEA400B9F5A0 /* CS525-assigns */ = {
			isa = PBXNativeTarget;
			buildConfigurationList = 9AD63F5F1D78FEA400B9F5A0 /* Build configuration list for PBXNativeTarget "CS525-assigns" */;
			buildPhases = (
				9AD63F541D78FEA400B9F5A0 /* Sources */,
				9AD63F551D78FEA400B9F5A0 /* Frameworks */,
				9AD63F561D78FEA400B9F5A0 /* CopyFiles */,
			);
			buildRules = (
			);
			dependencies = (
			);
			name = "CS525-assigns";
			productName = "CS525-assigns";
			productReference = 9AD63F581D78FEA400B9F5A0 /* CS525-assigns */;
			productType = "com.apple.product-type.tool";
		};
/* End PBXNativeTarget section */

/* Begin PBXProject section */
		9AD63F501D78FEA400B9F5A0 /* Project object */ = {
			isa = PBXProject;
			attributes = {
				LastUpgradeCheck = 0730;
				ORGANIZATIONNAME = "Qingyuan Song";
				TargetAttributes = {
					9AD63F571D78FEA400B9F5A0 = {
						CreatedOnToolsVersion = 7.3.1;
					};
				};
			};
			buildConfigurationList = 9AD63F531D78FEA400B9F5A0 /* Build configuration list for PBXProject "CS525-assigns" */;
			compatibilityVersion = "Xcode 3.2";
			developmentRegion = English;
			hasScannedForEncodings = 0;
			knownRegions = (
				en,
			);
			mainGroup = 9AD63F4F1D78FEA400B9F5A0;
			productRefGroup = 9AD63F591D78FEA400B9F5A0 /* Products */;
			projectDirPath = "";
			projectRoot = "";
			targets = (
				9AD63F571D78FEA400B9F5A0 /* CS525-assigns */,
			);
		};
/* End PBXProject section */

/* Begin PBXSourcesBuildPhase section */
		9AD63F541D78FEA400B9F5A0 /* Sources */ = {
			isa = PBXSourcesBuildPhase;
			buildActionMask = 2147483647;
			files = (
				9AD63F5C1D78FEA400B9F5A0 /* main.c in Sources */,
				9AD63F661D79C3FE00B9F5A0 /* test1.c in Sources */,
			);
			runOnlyForDeploymentPostprocessing = 0;
		};
/* End PBXSourcesBuildPhase section */

/* Begin XCBuildConfiguration section */
		9AD63F5D1D78FEA400B9F5A0 /* Debug */ = {
			isa = XCBuildConfiguration;
			buildSettings = {
				ALWAYS_SEARCH_USER_PATHS = NO;
				CLANG_ANALYZER_NONNULL = YES;
				CLANG_CXX_LANGUAGE_STANDARD = "gnu++0x";
				CLANG_CXX_LIBRARY = "libc++";
				CLANG_ENABLE_MODULES = YES;
				CLANG_ENABLE_OBJC_ARC = YES;
				CLANG_WARN_BOOL_CONVERSION = YES;
				CLANG_WARN_CONSTANT_CONVERSION = YES;
				CLANG_WARN_DIRECT_OBJC_ISA_USAGE = YES_ERROR;
				CLANG_WARN_EMPTY_BODY = YES;
				CLANG_WARN_ENUM_CONVERSION = YES;
				CLANG_WARN_INT_CONVERSION = YES;
				CLANG_WARN_OBJC_ROOT_CLASS = YES_ERROR;
				CLANG_WARN_UNREACHABLE_CODE = YES;
				CLANG_WARN__DUPLICATE_METHOD_MATCH = YES;
				CODE_SIGN_IDENTITY = "-";
				COPY_PHASE_STRIP = NO;
				DEBUG_INFORMATION_FORMAT = dwarf;
				ENABLE_STRICT_OBJC_MSGSEND = YES;
				ENABLE_TESTABILITY = YES;
				GCC_C_LANGUAGE_STANDARD = gnu99;
				GCC_DYNAMIC_NO_PIC = NO;
				GCC_NO_COMMON_BLOCKS = YES;
				GCC_OPTIMIZATION_LEVEL = 0;
				GCC_PREPROCESSOR_DEFINITIONS = (
					"DEBUG=1",
					"$(inherited)",
				);
				GCC_WARN_64_TO_32_BIT_CONVERSION = YES;
				GCC_WARN_ABOUT_RETURN_TYPE = YES_ERROR;
				GCC_WARN_UNDECLARED_SELECTOR = YES;
				GCC_WARN_UNINITIALIZED_AUTOS = YES_AGGRESSIVE;
				GCC_WARN_UNUSED_FUNCTION = YES;
				GCC_WARN_UNUSED_VARIABLE = YES;
				MACOSX_DEPLOYMENT_TARGET = 10.11;
				MTL_ENABLE_DEBUG_INFO = YES;
				ONLY_ACTIVE_ARCH = YES;
				SDKROOT = macosx;
			};
			name = Debug;
		};
		9AD63F5E1D78FEA400B9F5A0 /* Release */ = {
			isa = XCBuildConfiguration;
			buildSettings = {
				ALWAYS_SEARCH_USER_PATHS = NO;
				CLANG_ANALYZER_NONNULL = YES;
				CLANG_CXX_LANGUAGE_STANDARD = "gnu++0x";
				CLANG_CXX_LIBRARY = "libc++";
				CLANG_ENABLE_MODULES = YES;
				CLANG_ENABLE_OBJC_ARC = YES;
				CLANG_WARN_BOOL_CONVERSION = YES;
				CLANG_WARN_CONSTANT_CONVERSION = YES;
				CLANG_WARN_DIRECT_OBJC_ISA_USAGE = YES_ERROR;
				CLANG_WARN_EMPTY_BODY = YES;
				CLANG_WARN_ENUM_CONVERSION = YES;
				CLANG_WARN_INT_CONVERSION = YES;
				CLANG_WARN_OBJC_ROOT_CLASS = YES_ERROR;
				CLANG_WARN_UNREACHABLE_CODE = YES;
				CLANG_WARN__DUPLICATE_METHOD_MATCH = YES;
				CODE_SIGN_IDENTITY = "-";
				COPY_PHASE_STRIP = NO;
				DEBUG_INFORMATION_FORMAT = "dwarf-with-dsym";
				ENABLE_NS_ASSERTIONS = NO;
				ENABLE_STRICT_OBJC_MSGSEND = YES;
				GCC_C_LANGUAGE_STANDARD = gnu99;
				GCC_NO_COMMON_BLOCKS = YES;
				GCC_WARN_64_TO_32_BIT_CONVERSION = YES;
				GCC_WARN_ABOUT_RETURN_TYPE = YES_ERROR;
				GCC_WARN_UNDECLARED_SELECTOR = YES;
				GCC_WARN_UNINITIALIZED_AUTOS = YES_AGGRESSIVE;
				GCC_WARN_UNUSED_FUNCTION = YES;
				GCC_WARN_UNUSED_VARIABLE = YES;
				MACOSX_DEPLOYMENT_TARGET = 10.11;
				MTL_ENABLE_DEBUG_INFO = NO;
				SDKROOT = macosx;
			};
			name = Release;
		};
		9AD63F601D78FEA400B9F5A0 /* Debug */ = {
			isa = XCBuildConfiguration;
			buildSettings = {
				PRODUCT_NAME = "$(TARGET_NAME)";
			};
			name = Debug;
		};
		9AD63F611D78FEA400B9F5A0 /* Release */ = {
			isa = XCBuildConfiguration;
			buildSettings = {
				PRODUCT_NAME = "$(TARGET_NAME)";
			};
			name = Release;
		};
/* End XCBuildConfiguration section */

/* Begin XCConfigurationList section */
		9AD63F531D78FEA400B9F5A0 /* Build configuration list for PBXProject "CS525-assigns" */ = {
			isa = XCConfigurationList;
			buildConfigurations = (
				9AD63F5D1D78FEA400B9F5A0 /* Debug */,
				9AD63F5E1D78FEA400B9F5A0 /* Release */,
			);
			defaultConfigurationIsVisible = 0;
			defaultConfigurationName = Release;
		};
		9AD63F5F1D78FEA400B9F5A0 /* Build configuration list for PBXNativeTarget "CS525-assigns" */ = {
			isa = XCConfigurationList;
			buildConfigurations = (
				9AD63F601D78FEA400B9F5A0 /* Debug */,
				9AD63F611D78FEA400B9F5A0 /* Release */,
			);
			defaultConfigurationIsVisible = 0;
		};
/* End XCConfigurationList section */
	};
	rootObject = 9AD63F501D78FEA400B9F5A0 /* Project object */;
}
